
Microsoft Visual Studio Solution File, Format Version 12.00
# Visual Studio Version 17
VisualStudioVersion = 17.0.31903.59
MinimumVisualStudioVersion = 10.0.40219.1
Project("{FAE04EC0-301F-11D3-BF4B-00C04F79EFBC}") = "Inlamningsuppgift-c-sharp", "Inlamningsuppgift-c-sharp\Inlamningsuppgift-c-sharp.csproj", "{A8670DAF-0BA3-4FEC-BE24-71D52E9C98B8}"
EndProject
Global
	GlobalSection(SolutionConfigurationPlatforms) = preSolution
		Debug|Any CPU = Debug|Any CPU
		Release|Any CPU = Release|Any CPU
	EndGlobalSection
	GlobalSection(ProjectConfigurationPlatforms) = postSolution
		{A8670DAF-0BA3-4FEC-BE24-71D52E9C98B8}.Debug|Any CPU.ActiveCfg = Debug|Any CPU
		{A8670DAF-0BA3-4FEC-BE24-71D52E9C98B8}.Debug|Any CPU.Build.0 = Debug|Any CPU
		{A8670DAF-0BA3-4FEC-BE24-71D52E9C98B8}.Release|Any CPU.ActiveCfg = Release|Any CPU
		{A8670DAF-0BA3-4FEC-BE24-71D52E9C98B8}.Release|Any CPU.Build.0 = Release|Any CPU
	EndGlobalSection
	GlobalSection(SolutionProperties) = preSolution
		HideSolutionNode = FALSE
	EndGlobalSection
	GlobalSection(ExtensibilityGlobals) = postSolution
		SolutionGuid = {16698F18-9617-4294-BF40-C51C72E481A9}
	EndGlobalSection
EndGlobal
